# This file was autogenerated by Stack.
# You should not edit this file by hand.
# For more information, please see the documentation at:
#   https://docs.haskellstack.org/en/stable/lock_files

packages:
- completed:
    hackage: pandoc-types-1.21@sha256:b61ed625da4d1a0d8057fcca4c0c5e174c9f45d94b41504db1532f3fc581e945,4037
    pantry-tree:
      size: 713
      sha256: e26eb93747538e29168032985a03b428039a16000fea1a4a8d9b9b032ac98b5f
  original:
    hackage: pandoc-types-1.21
- completed:
    hackage: pandoc-2.10@sha256:954cb8d8c8a49ff52372fa77ca8414052d6a31e1b99c0c9552fbe349e707ce5f,36760
    pantry-tree:
      size: 89401
      sha256: bd2837083be670e471abd6a3bc3df31c2695444c9095daba34987ca8557aece9
  original:
    hackage: pandoc-2.10
- completed:
    hackage: pandoc-citeproc-0.17.0.1@sha256:40c7ff1cc300cbbdf5e793273ed8a45074063fb92b91181cea5253ff94b22f7c,9006
    pantry-tree:
      size: 25684
      sha256: 550d492cb7fadd8313f602922e3a41a58a047039f54d059f98e10d3330fad6d6
  original:
    hackage: pandoc-citeproc-0.17.0.1
- completed:
    hackage: texmath-0.12.0.2@sha256:745cf08b522ea30686a1bffbb122d7f834e9ee9e4cb02375d828f0eb38f15f57,6565
    pantry-tree:
      size: 274222
      sha256: 72e0b92ac5779ff63418003866ebd4d90d5618267a37aabf8d49fd097a458c5d
  original:
    hackage: texmath-0.12.0.2
- completed:
    hackage: haddock-library-1.9.0@sha256:4e533a5d93627eb0d6ad6d06cb0db3ac8424d2ad5c71b13582c892d2c9ae491e,4061
    pantry-tree:
      size: 3645
      sha256: 71412858b03ccaf2d535ef7bc109f01ae7b20d89877ced2a6ca2998c239dbd67
  original:
    hackage: haddock-library-1.9.0
- completed:
    hackage: skylighting-0.8.5@sha256:a6e316e7440f0395d64f3a412cd6985783ec68a171e117d5e1bab1204c565a71,9726
    pantry-tree:
      size: 10380
      sha256: 5921bd1c9df9fe368ac3d15b5e772358040fb32d57e7821ad9b8107e6955bc8d
  original:
    hackage: skylighting-0.8.5
- completed:
    hackage: skylighting-core-0.8.5@sha256:f35397ea99d7d0fd4f45899102c040408d2bab802ea9d08ad1a970be58b43b49,8056
    pantry-tree:
      size: 13279
      sha256: 0bae843648475c76fc412153a40b62be0072a6251b6486d2108c2234ddc56f60
  original:
    hackage: skylighting-core-0.8.5
- completed:
    hackage: regex-pcre-builtin-0.95.1.2.8.43@sha256:b66e9961340e4733f062e92ee7c14485f79a9e25ece19f8932f07f53fc675b52,3088
    pantry-tree:
      size: 2587
      sha256: 941339ea2920b133c7325c48ad6ef06b79d6846ba3c2fbe5f30231014f0dfa15
  original:
    hackage: regex-pcre-builtin-0.95.1.2.8.43
- completed:
    hackage: regex-base-0.94.0.0@sha256:44aa95ca762294ffbb28cf0af9c567d93b5d2c56e4f38ce5385a257d899f968e,2253
    pantry-tree:
      size: 483
      sha256: 627ad9d564650590654720934224090a4e8fc3225e84a7fd1af83bc86b2d446a
  original:
    hackage: regex-base-0.94.0.0
- completed:
    hackage: doclayout-0.3@sha256:06c03875b1645e6ab835c40f9b73fd959b6c4232c01d06f07debedfae46723f2,2059
    pantry-tree:
      size: 425
      sha256: ed2fc2dd826fbba67cb8018979be437b215735fab90dcc49ad30b296f7005eed
  original:
    hackage: doclayout-0.3
- completed:
    hackage: emojis-0.1@sha256:3cd86b552ad71c118a7822128c97054b6cf22bc4ff5b8f7e3eb0b356202aeecd,1907
    pantry-tree:
      size: 426
      sha256: 0af0e5f0ba2af10a2eda8b96b41ff77d2229d90682c1220723a13b9582c4a41b
  original:
    hackage: emojis-0.1
- completed:
    hackage: hslua-1.1.2@sha256:6c231b2af447430d1ed04f065d40bb6882ece93cc7f32f4051dc99deb69beeae,9694
    pantry-tree:
      size: 6820
      sha256: 62e61f6d08191159a070dcbaa20284a581835de620105a254dbee1c7ddfabd9d
  original:
    hackage: hslua-1.1.2
- completed:
    hackage: jira-wiki-markup-1.3.2@sha256:b5f0901208a0ee07aff60f5356aeb851b7aa7950c75a18a15fd34247a35886d8,3819
    pantry-tree:
      size: 1180
      sha256: 90fa545210a211b8ec88b59f92fe2877ebf2f9e55e2ce2fba6103a3615bd0ab9
  original:
    hackage: jira-wiki-markup-1.3.2
- completed:
    hackage: HsYAML-0.2.1.0@sha256:6e63cbc919543c5a837040f063e96fe0a4e43bef8ab3c057cef8f122396fdc2d,5469
    pantry-tree:
      size: 1340
      sha256: 77d9299977dfbc7836cbbcb51fe890bb70d485d9dd89a3bbe54822635faa8108
  original:
    hackage: HsYAML-0.2.1.0
- completed:
    hackage: HsYAML-aeson-0.2.0.0@sha256:b58e8587d480f8c29e4cb4f61ad6ab5d74195d31340e6e8c317ac4d13b65c469,1861
    pantry-tree:
      size: 234
      sha256: 8a181cdb027e2862fd54cb47d0ff91a45126ab4cd2080083128e800c5fa2635b
  original:
    hackage: HsYAML-aeson-0.2.0.0
- completed:
    hackage: doctemplates-0.8.2@sha256:91a7627e539782885119565f55339a8603513ff63eeed665434a2d1fb6bc7cba,3111
    pantry-tree:
      size: 2303
      sha256: 242039d487538eaf43c024cf1c0c00c3fd50ad132068a724c06c1a05eb2d2619
  original:
    hackage: doctemplates-0.8.2
- completed:
    hackage: ConfigFile-1.1.4@sha256:ca56261e1deae6ef958a337b03812987bfd94ab37b047e27f262bc3137813165,2056
    pantry-tree:
      size: 1016
      sha256: 58c2dbae1878d8f5bcac2848712ccfe90391bb1e6b719f43d044ead6c496f748
  original:
    hackage: ConfigFile-1.1.4
- completed:
    hackage: filestore-0.6.4@sha256:ff0874e739ac82f556a950cf029209e262285e02c36ab803513e60a5a4bc6572,3104
    pantry-tree:
      size: 984
      sha256: 4bea3d26992192d77e1dc60e934f768231d09b3bbee4340e7cf7dcbf73098314
  original:
    hackage: filestore-0.6.4
- completed:
    hackage: happstack-server-7.6.0@sha256:e031f81e859558ef945baa437f2c0a85750a06041a805b5508b06dbc459c5a8a,6381
    pantry-tree:
      size: 3060
      sha256: 643f83c7bb1cf294e71bb9421ba747bf7831083967ea10267db0cb9a0411c1e7
  original:
    hackage: happstack-server-7.6.0
- completed:
    hackage: json-0.10@sha256:d9fc6b07ce92b8894825a17d2cf14799856767eb30c8bf55962baa579207d799,3210
    pantry-tree:
      size: 3190
      sha256: 5654f66b7cd8bf087ac040a9b0a83eb064219eab32230f61a3adeddfdbb4d4cd
  original:
    hackage: json-0.10
- completed:
    hackage: MissingH-1.4.3.0@sha256:7136282773f7b3e7ce3af856b41dde98a04f9b03c51813c98d040fc060dcaa53,4650
    pantry-tree:
      size: 5271
      sha256: b8e1b8f04bde976538303752932ad6a9ada1eacaa1c28fdb514022fc62be80d6
  original:
    hackage: MissingH-1.4.3.0
- completed:
    hackage: recaptcha-0.1.0.4@sha256:92c13ccfa430bfdae1081a791f722609e1b22f91adf951a7d2b2318655a91691,1304
    pantry-tree:
      size: 223
      sha256: de62725932870f649db413ec0a78f4da94640f524e14f9e012d2c0127217fe76
  original:
    hackage: recaptcha-0.1.0.4
snapshots:
- completed:
    size: 493124
    url: https://raw.githubusercontent.com/commercialhaskell/stackage-snapshots/master/lts/15/10.yaml
    sha256: 48bc6d1d59224a5166265ef6cdda6a512f29ecc8ef7331826312b82377e89507
  original: lts-15.10
